
Microsoft Visual Studio Solution File, Format Version 12.00
# Visual Studio 2012
Project("{F184B08F-C81C-45F6-A57F-5ABD9991F28F}") = "SMSHelper", "SMShelper\SMSHelper.vbproj", "{5F296570-4BC8-4C48-A9CF-9F1AB06CA5DF}"
EndProject
Project("{F184B08F-C81C-45F6-A57F-5ABD9991F28F}") = "SMSHelperConfigurator", "SMSHelperConfigurator\SMSHelperConfigurator.vbproj", "{38B60611-A6E5-4FC8-B7B1-DE87EA3CF10D}"
EndProject
Global
	GlobalSection(SolutionConfigurationPlatforms) = preSolution
		Debug|x86 = Debug|x86
		Release|x86 = Release|x86
	EndGlobalSection
	GlobalSection(ProjectConfigurationPlatforms) = postSolution
		{5F296570-4BC8-4C48-A9CF-9F1AB06CA5DF}.Debug|x86.ActiveCfg = Debug|x86
		{5F296570-4BC8-4C48-A9CF-9F1AB06CA5DF}.Debug|x86.Build.0 = Debug|x86
		{5F296570-4BC8-4C48-A9CF-9F1AB06CA5DF}.Release|x86.ActiveCfg = Release|x86
		{5F296570-4BC8-4C48-A9CF-9F1AB06CA5DF}.Release|x86.Build.0 = Release|x86
		{38B60611-A6E5-4FC8-B7B1-DE87EA3CF10D}.Debug|x86.ActiveCfg = Debug|x86
		{38B60611-A6E5-4FC8-B7B1-DE87EA3CF10D}.Debug|x86.Build.0 = Debug|x86
		{38B60611-A6E5-4FC8-B7B1-DE87EA3CF10D}.Release|x86.ActiveCfg = Release|x86
		{38B60611-A6E5-4FC8-B7B1-DE87EA3CF10D}.Release|x86.Build.0 = Release|x86
	EndGlobalSection
	GlobalSection(SolutionProperties) = preSolution
		HideSolutionNode = FALSE
	EndGlobalSection
EndGlobal
